
Microsoft Visual Studio Solution File, Format Version 12.00
# Visual Studio 15
VisualStudioVersion = 15.0.27004.2005
MinimumVisualStudioVersion = 10.0.40219.1
Project("{FAE04EC0-301F-11D3-BF4B-00C04F79EFBC}") = "RegExp", "RegExp\RegExp.csproj", "{36ECBD07-5DA3-4109-8C5C-F4FFD7434660}"
EndProject
Global
	GlobalSection(SolutionConfigurationPlatforms) = preSolution
		Debug|Any CPU = Debug|Any CPU
		Release|Any CPU = Release|Any CPU
	EndGlobalSection
	GlobalSection(ProjectConfigurationPlatforms) = postSolution
		{36ECBD07-5DA3-4109-8C5C-F4FFD7434660}.Debug|Any CPU.ActiveCfg = Debug|Any CPU
		{36ECBD07-5DA3-4109-8C5C-F4FFD7434660}.Debug|Any CPU.Build.0 = Debug|Any CPU
		{36ECBD07-5DA3-4109-8C5C-F4FFD7434660}.Release|Any CPU.ActiveCfg = Release|Any CPU
		{36ECBD07-5DA3-4109-8C5C-F4FFD7434660}.Release|Any CPU.Build.0 = Release|Any CPU
	EndGlobalSection
	GlobalSection(SolutionProperties) = preSolution
		HideSolutionNode = FALSE
	EndGlobalSection
	GlobalSection(ExtensibilityGlobals) = postSolution
		SolutionGuid = {E4ABEBA1-24DB-4CD5-BEF7-FFD5D5D0B206}
	EndGlobalSection
EndGlobal
